
Microsoft Visual Studio Solution File, Format Version 12.00
# Visual Studio Version 17
VisualStudioVersion = 17.2.32616.157
MinimumVisualStudioVersion = 10.0.40219.1
Project("{FAE04EC0-301F-11D3-BF4B-00C04F79EFBC}") = "AutomapperTutorial", "AutomapperTutorial\AutomapperTutorial.csproj", "{CCB9E28A-9D10-477D-BC66-A358CE70366D}"
EndProject
Global
	GlobalSection(SolutionConfigurationPlatforms) = preSolution
		Debug|Any CPU = Debug|Any CPU
		Release|Any CPU = Release|Any CPU
	EndGlobalSection
	GlobalSection(ProjectConfigurationPlatforms) = postSolution
		{CCB9E28A-9D10-477D-BC66-A358CE70366D}.Debug|Any CPU.ActiveCfg = Debug|Any CPU
		{CCB9E28A-9D10-477D-BC66-A358CE70366D}.Debug|Any CPU.Build.0 = Debug|Any CPU
		{CCB9E28A-9D10-477D-BC66-A358CE70366D}.Release|Any CPU.ActiveCfg = Release|Any CPU
		{CCB9E28A-9D10-477D-BC66-A358CE70366D}.Release|Any CPU.Build.0 = Release|Any CPU
	EndGlobalSection
	GlobalSection(SolutionProperties) = preSolution
		HideSolutionNode = FALSE
	EndGlobalSection
	GlobalSection(ExtensibilityGlobals) = postSolution
		SolutionGuid = {AC014CCB-0052-4987-9EE4-E252C9D18AF0}
	EndGlobalSection
EndGlobal
